locks:
  f/data_sources/Aweome_lexicons: f8d3f859abb845a17a5651b996d980769f50372eade9d5221d2530de845db2db
  f/data_sources/Awesome_lexicons: ba1dfc5529d49e1fb3931b570ecd42f765d405874a6defa3a2c6341fa3fea8bf
  f/data_sources/Fishttp_awesome_bluesky: 2b5b71d68bc07075df12ace00f0a093d7814611dc728e4437d96c77479cde62c
  f/data_sources/Henricks_awesome_atmosphere: a698dc8ea85f6fa8448cc52f405f7c2cb4472dad6221722b2d0a60bb71363640
  f/data_sources/Lexicon_community: 32c23520f4d362c3c07b0bba250cfb0aafd308c4ad6b0a9a382cd26d25708a52
  f/data_sources/notjuliet_awesome_bluesky: afc3aa19ca6972c60fbbd7b1584000743e48e996aa66645286b9dc1dc69111d4
  f/data_sources/Notjuliet_awesome_bluesky: ef7231920e65552ae27d7e83c812e11fb7f6e3b4f83decd34dd8dae857338eab
  f/data_sources/official_showcase: 36c87e03fa9695993997357dbada6242cce857b9332f3162436cebb745b7df84
  f/data_sources/Official_showcase: c773e048a850d0e40a93f9d8beab019565581001f47a3dfeee89c70ecedb3c4c
  f/data_sources/sdk_blue: c20f690e48a5736859ede911061c9dea797744210779c02961a5c322e55e319d
  f/data_sources/SDK_blue: 9fbc89c754163f9feb503ddda052fcb3ffc8238d890890c107d0acd8c1964fdc
  f/data_sources/skeet_tools: e2c7ae211ec5cec4c1bf06381dc8d043c6dd106d6a1c95a7bb6deb1acf68b8ca
  f/data_sources/Skeet_tools: 122e096fd1d1c41277dfcfefd0ffb0ede6e6fb56515e279386d7f937c7738c91
  f/data_sources/SMM_tools: 127a93672630818c6ab8e52cdada20f1ea149c1dd6c0dc0f6c56468fb3dff272
  f/main/ATPT_grister: ea8bfe0aef36fa52dc2a1bcace1988af3200d89c102b6fbfc83efc8e0602896f
  f/main/atptgrister: 7842a8fbfb0bb84280463b00d027b22370653835d9e0bc57098b4b37268fd083
  f/main/ATPTGrister: db118925bd0ef020c1050ccd44b8799870b53687a7004a7c66d4bf81cf1c6686
  f/main/Collector: 93f6674097e4e43641e8e9b749d986e3b52a378318b4c3dea6417aea3047ddee
  f/main/feed_fetcher: e29a81f370aff1f1603829774fb64691e157106181a17f58533d6047aa153a81
  f/main/FieldCollector: 214b3abadfd0f65fe9805e7840724525b3b82d2bd04049bee5d30ec6ef9b69a2
  f/main/get_authors_data: e801fea78012cdd30cda0ec0628935cc48472cc184c14844b8d849c2da88577a
  f/main/get_repos_data: d2cdc6ab332f5de4c7c2bab446287e764591bff43bb6da63b79b61691b35cd1f
  f/main/get_sites_data: d85e18bf84b9178141b21f402d9c7aaa16097bd7c7a87d05638331822eb9dcec
  f/main/official_showcase: 5759916bde47a3317bcaba4db29f74fe24fe4881da1383b77d989c7d5203298d
  f/main/results_table: 320c982c64b5a8db318d37da36a530f533edd8c37ef7a171c5033f47b0cd5dea
  f/main/write_db: 4897c37f7cc7e1e38e48bab65424378077b7ba0cd219866c39bbf5eeb6cb088d
